
Microsoft Visual Studio Solution File, Format Version 12.00
# Visual Studio Version 17
VisualStudioVersion = 17.1.32328.378
MinimumVisualStudioVersion = 10.0.40219.1
Project("{2150E333-8FDC-42A3-9474-1A3956D46DE8}") = "FrontEnd", "FrontEnd", "{45968CE6-975E-40B2-B69C-E30E147EB8C4}"
EndProject
Project("{FAE04EC0-301F-11D3-BF4B-00C04F79EFBC}") = "Mango.Web", "Mango.Web\Mango.Web.csproj", "{9BF00243-BF30-4064-A909-1E8E843C87F9}"
EndProject
Project("{2150E333-8FDC-42A3-9474-1A3956D46DE8}") = "Services", "Services", "{01B6B3B8-9EE8-4BEA-80EE-77854E3A70D8}"
EndProject
Project("{FAE04EC0-301F-11D3-BF4B-00C04F79EFBC}") = "Mango.Sercvices.API", "Mango.Sercvices.API\Mango.Sercvices.API.csproj", "{F6C40B40-525A-4742-BA57-7E18F48DA85E}"
EndProject
Global
	GlobalSection(SolutionConfigurationPlatforms) = preSolution
		Debug|Any CPU = Debug|Any CPU
		Release|Any CPU = Release|Any CPU
	EndGlobalSection
	GlobalSection(ProjectConfigurationPlatforms) = postSolution
		{9BF00243-BF30-4064-A909-1E8E843C87F9}.Debug|Any CPU.ActiveCfg = Debug|Any CPU
		{9BF00243-BF30-4064-A909-1E8E843C87F9}.Debug|Any CPU.Build.0 = Debug|Any CPU
		{9BF00243-BF30-4064-A909-1E8E843C87F9}.Release|Any CPU.ActiveCfg = Release|Any CPU
		{9BF00243-BF30-4064-A909-1E8E843C87F9}.Release|Any CPU.Build.0 = Release|Any CPU
		{F6C40B40-525A-4742-BA57-7E18F48DA85E}.Debug|Any CPU.ActiveCfg = Debug|Any CPU
		{F6C40B40-525A-4742-BA57-7E18F48DA85E}.Debug|Any CPU.Build.0 = Debug|Any CPU
		{F6C40B40-525A-4742-BA57-7E18F48DA85E}.Release|Any CPU.ActiveCfg = Release|Any CPU
		{F6C40B40-525A-4742-BA57-7E18F48DA85E}.Release|Any CPU.Build.0 = Release|Any CPU
	EndGlobalSection
	GlobalSection(SolutionProperties) = preSolution
		HideSolutionNode = FALSE
	EndGlobalSection
	GlobalSection(NestedProjects) = preSolution
		{9BF00243-BF30-4064-A909-1E8E843C87F9} = {45968CE6-975E-40B2-B69C-E30E147EB8C4}
		{F6C40B40-525A-4742-BA57-7E18F48DA85E} = {01B6B3B8-9EE8-4BEA-80EE-77854E3A70D8}
	EndGlobalSection
	GlobalSection(ExtensibilityGlobals) = postSolution
		SolutionGuid = {0622207E-1BC2-4397-910E-2BA3F0A5D101}
	EndGlobalSection
EndGlobal
